
Microsoft Visual Studio Solution File, Format Version 12.00
# Visual Studio 15
VisualStudioVersion = 15.0.27703.2000
MinimumVisualStudioVersion = 10.0.40219.1
Project("{FAE04EC0-301F-11D3-BF4B-00C04F79EFBC}") = "MyIncidentsBot", "MyIncidentsBot\MyIncidentsBot.csproj", "{C1D84C5A-EA7A-45EE-BD1C-FA095A97EB09}"
EndProject
Project("{FAE04EC0-301F-11D3-BF4B-00C04F79EFBC}") = "MSTeamsBot", "MSTeamsBot\MSTeamsBot.csproj", "{EFDC361D-0354-4852-8B07-057A86CAC329}"
EndProject
Global
	GlobalSection(SolutionConfigurationPlatforms) = preSolution
		Debug|Any CPU = Debug|Any CPU
		Release|Any CPU = Release|Any CPU
	EndGlobalSection
	GlobalSection(ProjectConfigurationPlatforms) = postSolution
		{C1D84C5A-EA7A-45EE-BD1C-FA095A97EB09}.Debug|Any CPU.ActiveCfg = Debug|Any CPU
		{C1D84C5A-EA7A-45EE-BD1C-FA095A97EB09}.Debug|Any CPU.Build.0 = Debug|Any CPU
		{C1D84C5A-EA7A-45EE-BD1C-FA095A97EB09}.Release|Any CPU.ActiveCfg = Release|Any CPU
		{C1D84C5A-EA7A-45EE-BD1C-FA095A97EB09}.Release|Any CPU.Build.0 = Release|Any CPU
		{EFDC361D-0354-4852-8B07-057A86CAC329}.Debug|Any CPU.ActiveCfg = Debug|Any CPU
		{EFDC361D-0354-4852-8B07-057A86CAC329}.Debug|Any CPU.Build.0 = Debug|Any CPU
		{EFDC361D-0354-4852-8B07-057A86CAC329}.Release|Any CPU.ActiveCfg = Release|Any CPU
		{EFDC361D-0354-4852-8B07-057A86CAC329}.Release|Any CPU.Build.0 = Release|Any CPU
	EndGlobalSection
	GlobalSection(SolutionProperties) = preSolution
		HideSolutionNode = FALSE
	EndGlobalSection
	GlobalSection(ExtensibilityGlobals) = postSolution
		SolutionGuid = {8D2D572C-856D-4466-8319-00DC8F758781}
	EndGlobalSection
EndGlobal
